
Microsoft Visual Studio Solution File, Format Version 12.00
# Visual Studio Version 16
VisualStudioVersion = 16.0.28516.95
MinimumVisualStudioVersion = 10.0.40219.1
Project("{9A19103F-16F7-4668-BE54-9A1E7A4F7556}") = "NetStandard.MediaConverter", "NetStandard.MediaConverter\NetStandard.MediaConverter.csproj", "{33146680-DF5C-4A6D-B571-9211A8965C17}"
EndProject
Project("{2150E333-8FDC-42A3-9474-1A3956D46DE8}") = "Solution Items", "Solution Items", "{25DB924C-BEA7-44DD-BB58-340E77A826F0}"
	ProjectSection(SolutionItems) = preProject
		.dockerignore = .dockerignore
		global.json = global.json
	EndProjectSection
EndProject
Project("{FAE04EC0-301F-11D3-BF4B-00C04F79EFBC}") = "UnitTestProject", "UnitTestProject\UnitTestProject.csproj", "{5CEE96EB-3004-46B0-8489-17BB1ED1CB7B}"
EndProject
Global
	GlobalSection(SolutionConfigurationPlatforms) = preSolution
		Debug|Any CPU = Debug|Any CPU
		Release|Any CPU = Release|Any CPU
	EndGlobalSection
	GlobalSection(ProjectConfigurationPlatforms) = postSolution
		{33146680-DF5C-4A6D-B571-9211A8965C17}.Debug|Any CPU.ActiveCfg = Debug|Any CPU
		{33146680-DF5C-4A6D-B571-9211A8965C17}.Debug|Any CPU.Build.0 = Debug|Any CPU
		{33146680-DF5C-4A6D-B571-9211A8965C17}.Release|Any CPU.ActiveCfg = Release|Any CPU
		{33146680-DF5C-4A6D-B571-9211A8965C17}.Release|Any CPU.Build.0 = Release|Any CPU
		{5CEE96EB-3004-46B0-8489-17BB1ED1CB7B}.Debug|Any CPU.ActiveCfg = Debug|Any CPU
		{5CEE96EB-3004-46B0-8489-17BB1ED1CB7B}.Debug|Any CPU.Build.0 = Debug|Any CPU
		{5CEE96EB-3004-46B0-8489-17BB1ED1CB7B}.Release|Any CPU.ActiveCfg = Release|Any CPU
		{5CEE96EB-3004-46B0-8489-17BB1ED1CB7B}.Release|Any CPU.Build.0 = Release|Any CPU
	EndGlobalSection
	GlobalSection(SolutionProperties) = preSolution
		HideSolutionNode = FALSE
	EndGlobalSection
	GlobalSection(ExtensibilityGlobals) = postSolution
		SolutionGuid = {30233671-3362-48C3-B58E-25B4DE02C6EA}
	EndGlobalSection
EndGlobal
